
Microsoft Visual Studio Solution File, Format Version 12.00
# Visual Studio Version 17
VisualStudioVersion = 17.2.32616.157
MinimumVisualStudioVersion = 10.0.40219.1
Project("{9A19103F-16F7-4668-BE54-9A1E7A4F7556}") = "CryptoApi", "CryptoApi.csproj", "{1DAE7CD5-93BE-4559-8F83-17FA8F6C5FF1}"
EndProject
Global
	GlobalSection(SolutionConfigurationPlatforms) = preSolution
		Debug|Any CPU = Debug|Any CPU
		Release|Any CPU = Release|Any CPU
	EndGlobalSection
	GlobalSection(ProjectConfigurationPlatforms) = postSolution
		{1DAE7CD5-93BE-4559-8F83-17FA8F6C5FF1}.Debug|Any CPU.ActiveCfg = Debug|Any CPU
		{1DAE7CD5-93BE-4559-8F83-17FA8F6C5FF1}.Debug|Any CPU.Build.0 = Debug|Any CPU
		{1DAE7CD5-93BE-4559-8F83-17FA8F6C5FF1}.Release|Any CPU.ActiveCfg = Release|Any CPU
		{1DAE7CD5-93BE-4559-8F83-17FA8F6C5FF1}.Release|Any CPU.Build.0 = Release|Any CPU
	EndGlobalSection
	GlobalSection(SolutionProperties) = preSolution
		HideSolutionNode = FALSE
	EndGlobalSection
	GlobalSection(ExtensibilityGlobals) = postSolution
		SolutionGuid = {59D07963-3DC4-44DB-80CD-1A59722551F3}
	EndGlobalSection
EndGlobal
